
Microsoft Visual Studio Solution File, Format Version 12.00
# Visual Studio Version 17
VisualStudioVersion = 17.4.33122.133
MinimumVisualStudioVersion = 10.0.40219.1
Project("{FAE04EC0-301F-11D3-BF4B-00C04F79EFBC}") = "AuthLogService", "AuthLogService\AuthLogService.csproj", "{B45233B6-5B38-46C5-832F-9C30D11C0E80}"
EndProject
Global
	GlobalSection(SolutionConfigurationPlatforms) = preSolution
		Debug|Any CPU = Debug|Any CPU
		Release|Any CPU = Release|Any CPU
	EndGlobalSection
	GlobalSection(ProjectConfigurationPlatforms) = postSolution
		{B45233B6-5B38-46C5-832F-9C30D11C0E80}.Debug|Any CPU.ActiveCfg = Debug|Any CPU
		{B45233B6-5B38-46C5-832F-9C30D11C0E80}.Debug|Any CPU.Build.0 = Debug|Any CPU
		{B45233B6-5B38-46C5-832F-9C30D11C0E80}.Release|Any CPU.ActiveCfg = Release|Any CPU
		{B45233B6-5B38-46C5-832F-9C30D11C0E80}.Release|Any CPU.Build.0 = Release|Any CPU
	EndGlobalSection
	GlobalSection(SolutionProperties) = preSolution
		HideSolutionNode = FALSE
	EndGlobalSection
	GlobalSection(ExtensibilityGlobals) = postSolution
		SolutionGuid = {AA56423A-7D12-4C29-87FB-4F3FBE8CE956}
	EndGlobalSection
EndGlobal
